{
  "lockfileVersion": 1,
  "configVersion": 1,
  "workspaces": {
    "": {
      "name": "complykit",
      "dependencies": {
        "commander": "^12.0.0",
        "js-yaml": "^4.1.0",
        "oxc-parser": "^0.118.0",
        "playwright": "^1.44.0",
      },
      "devDependencies": {
        "@biomejs/biome": "^2.4.7",
        "@types/bun": "^1.3.10",
        "@types/js-yaml": "^4.0.9",
        "@types/node": "^25.5.0",
        "oxlint": "^0.4.0",
        "typescript": "^5.4.0",
      },
    },
  },
  "packages": {
    "@biomejs/biome": ["@biomejs/biome@2.4.7", "", { "optionalDependencies": { "@biomejs/cli-darwin-arm64": "2.4.7", "@biomejs/cli-darwin-x64": "2.4.7", "@biomejs/cli-linux-arm64": "2.4.7", "@biomejs/cli-linux-arm64-musl": "2.4.7", "@biomejs/cli-linux-x64": "2.4.7", "@biomejs/cli-linux-x64-musl": "2.4.7", "@biomejs/cli-win32-arm64": "2.4.7", "@biomejs/cli-win32-x64": "2.4.7" }, "bin": { "biome": "bin/biome" } }, "sha512-vXrgcmNGZ4lpdwZSpMf1hWw1aWS6B+SyeSYKTLrNsiUsAdSRN0J4d/7mF3ogJFbIwFFSOL3wT92Zzxia/d5/ng=="],

    "@biomejs/cli-darwin-arm64": ["@biomejs/cli-darwin-arm64@2.4.7", "", { "os": "darwin", "cpu": "arm64" }, "sha512-Oo0cF5mHzmvDmTXw8XSjhCia8K6YrZnk7aCS54+/HxyMdZMruMO3nfpDsrlar/EQWe41r1qrwKiCa2QDYHDzWA=="],

    "@biomejs/cli-darwin-x64": ["@biomejs/cli-darwin-x64@2.4.7", "", { "os": "darwin", "cpu": "x64" }, "sha512-I+cOG3sd/7HdFtvDSnF9QQPrWguUH7zrkIMMykM3PtfWU9soTcS2yRb9Myq6MHmzbeCT08D1UmY+BaiMl5CcoQ=="],

    "@biomejs/cli-linux-arm64": ["@biomejs/cli-linux-arm64@2.4.7", "", { "os": "linux", "cpu": "arm64" }, "sha512-om6FugwmibzfP/6ALj5WRDVSND4H2G9X0nkI1HZpp2ySf9lW2j0X68oQSaHEnls6666oy4KDsc5RFjT4m0kV0w=="],

    "@biomejs/cli-linux-arm64-musl": ["@biomejs/cli-linux-arm64-musl@2.4.7", "", { "os": "linux", "cpu": "arm64" }, "sha512-I2NvM9KPb09jWml93O2/5WMfNR7Lee5Latag1JThDRMURVhPX74p9UDnyTw3Ae6cE1DgXfw7sqQgX7rkvpc0vw=="],

    "@biomejs/cli-linux-x64": ["@biomejs/cli-linux-x64@2.4.7", "", { "os": "linux", "cpu": "x64" }, "sha512-bV8/uo2Tj+gumnk4sUdkerWyCPRabaZdv88IpbmDWARQQoA/Q0YaqPz1a+LSEDIL7OfrnPi9Hq1Llz4ZIGyIQQ=="],

    "@biomejs/cli-linux-x64-musl": ["@biomejs/cli-linux-x64-musl@2.4.7", "", { "os": "linux", "cpu": "x64" }, "sha512-00kx4YrBMU8374zd2wHuRV5wseh0rom5HqRND+vDldJPrWwQw+mzd/d8byI9hPx926CG+vWzq6AeiT7Yi5y59g=="],

    "@biomejs/cli-win32-arm64": ["@biomejs/cli-win32-arm64@2.4.7", "", { "os": "win32", "cpu": "arm64" }, "sha512-hOUHBMlFCvDhu3WCq6vaBoG0dp0LkWxSEnEEsxxXvOa9TfT6ZBnbh72A/xBM7CBYB7WgwqboetzFEVDnMxelyw=="],

    "@biomejs/cli-win32-x64": ["@biomejs/cli-win32-x64@2.4.7", "", { "os": "win32", "cpu": "x64" }, "sha512-qEpGjSkPC3qX4ycbMUthXvi9CkRq7kZpkqMY1OyhmYlYLnANnooDQ7hDerM8+0NJ+DZKVnsIc07h30XOpt7LtQ=="],

    "@emnapi/core": ["@emnapi/core@1.9.0", "", { "dependencies": { "@emnapi/wasi-threads": "1.2.0", "tslib": "^2.4.0" } }, "sha512-0DQ98G9ZQZOxfUcQn1waV2yS8aWdZ6kJMbYCJB3oUBecjWYO1fqJ+a1DRfPF3O5JEkwqwP1A9QEN/9mYm2Yd0w=="],

    "@emnapi/runtime": ["@emnapi/runtime@1.9.0", "", { "dependencies": { "tslib": "^2.4.0" } }, "sha512-QN75eB0IH2ywSpRpNddCRfQIhmJYBCJ1x5Lb3IscKAL8bMnVAKnRg8dCoXbHzVLLH7P38N2Z3mtulB7W0J0FKw=="],

    "@emnapi/wasi-threads": ["@emnapi/wasi-threads@1.2.0", "", { "dependencies": { "tslib": "^2.4.0" } }, "sha512-N10dEJNSsUx41Z6pZsXU8FjPjpBEplgH24sfkmITrBED1/U2Esum9F3lfLrMjKHHjmi557zQn7kR9R+XWXu5Rg=="],

    "@napi-rs/wasm-runtime": ["@napi-rs/wasm-runtime@1.1.1", "", { "dependencies": { "@emnapi/core": "^1.7.1", "@emnapi/runtime": "^1.7.1", "@tybys/wasm-util": "^0.10.1" } }, "sha512-p64ah1M1ld8xjWv3qbvFwHiFVWrq1yFvV4f7w+mzaqiR4IlSgkqhcRdHwsGgomwzBH51sRY4NEowLxnaBjcW/A=="],

    "@oxc-parser/binding-android-arm-eabi": ["@oxc-parser/binding-android-arm-eabi@0.118.0", "", { "os": "android", "cpu": "arm" }, "sha512-u/fO8WrQ5xiXXe2bCUmiihDaZQi0rvMxBtvPv7/lyQDBcfR81/usWv4ZMaKHkWOUXDoOBw1ptHi+A8+/zWGLGA=="],

    "@oxc-parser/binding-android-arm64": ["@oxc-parser/binding-android-arm64@0.118.0", "", { "os": "android", "cpu": "arm64" }, "sha512-hHUdc9RNh/cDBIyUExTRrGZXlrpcc4W+co+JwH4aR2rBB9Y6Zjsx9tSVdIn9HBF1ZBpOV7XgeZKnqRHNvbEPNw=="],

    "@oxc-parser/binding-darwin-arm64": ["@oxc-parser/binding-darwin-arm64@0.118.0", "", { "os": "darwin", "cpu": "arm64" }, "sha512-LHlbZxiUBHdaSmgOTIdkd5WzTddwUGJXjTX5AdvUIC0640z6xP7AQQE46X6FokOKu/PZKM0RegB2MWr2+0kakA=="],

    "@oxc-parser/binding-darwin-x64": ["@oxc-parser/binding-darwin-x64@0.118.0", "", { "os": "darwin", "cpu": "x64" }, "sha512-dbVu2TRR8CZ254MT2CIMV5c/U4jSVJ2aLrOUECHNuSZcKZRk0dA51QA+rZeyOy7DfQQ88dOvEvkUhFfmec55Sg=="],

    "@oxc-parser/binding-freebsd-x64": ["@oxc-parser/binding-freebsd-x64@0.118.0", "", { "os": "freebsd", "cpu": "x64" }, "sha512-TqAHom3L/3AJt72Y5IXvtffCPu9y2xnWVymlH3rmVwA+bFQAw3V8smDm3eQgAsAb4EmE17hYU8xgS/1fA0Nfvg=="],

    "@oxc-parser/binding-linux-arm-gnueabihf": ["@oxc-parser/binding-linux-arm-gnueabihf@0.118.0", "", { "os": "linux", "cpu": "arm" }, "sha512-lxYDH+fHKX9YFXnRouaI4c4BGRT+XDsNGAtb1ZAPoDbu66+sIXUApXjc4oTM/PRmF29WE+TVhbXeOWeVv8qTSA=="],

    "@oxc-parser/binding-linux-arm-musleabihf": ["@oxc-parser/binding-linux-arm-musleabihf@0.118.0", "", { "os": "linux", "cpu": "arm" }, "sha512-2N54CwMbLoPqsc0VolynVqf6ug9EwNAp/g40BKLAzgReLyktJN5QlfK8DpgWmql6FQE7IavL47eibOMfHD8H8g=="],

    "@oxc-parser/binding-linux-arm64-gnu": ["@oxc-parser/binding-linux-arm64-gnu@0.118.0", "", { "os": "linux", "cpu": "arm64" }, "sha512-Bg5FKxz3yNAZo6WjaL4A+SDhanffw+hIS5i9kXphL2t4RXaXqFgzFflCxlTtGkETZR2+6xQwH3NsqNhTHm+NiA=="],

    "@oxc-parser/binding-linux-arm64-musl": ["@oxc-parser/binding-linux-arm64-musl@0.118.0", "", { "os": "linux", "cpu": "arm64" }, "sha512-u+kIw+WIYyPs69QVcOiXYyerPjWylJLSe+AIy8v16hgaSTImWzN6FV4tiSYvPfeDGQP7svZgBuwv6P3AEPNRpg=="],

    "@oxc-parser/binding-linux-ppc64-gnu": ["@oxc-parser/binding-linux-ppc64-gnu@0.118.0", "", { "os": "linux", "cpu": "ppc64" }, "sha512-H2yOOb9yFCNb7KznDdAkdKg/MXbZ0Txe3xRQjLUCxIncEUoCZlRofPvPeIjQNQei15NVO8IuUCPDUo0i14lRMA=="],

    "@oxc-parser/binding-linux-riscv64-gnu": ["@oxc-parser/binding-linux-riscv64-gnu@0.118.0", "", { "os": "linux", "cpu": "none" }, "sha512-Ze1d5u/67OtB9HYIQpd/5lrFgPtLm+TyFzE+KnUpl6O1EldJXdOy4+iup5j1M+Ux9pLGJe83z1BLb6suYk1IOQ=="],

    "@oxc-parser/binding-linux-riscv64-musl": ["@oxc-parser/binding-linux-riscv64-musl@0.118.0", "", { "os": "linux", "cpu": "none" }, "sha512-41F6DXLZ3D0YzMj3kit6rpnSY+fRlnB+8vpvaccxo+HV/4D0geZWjygfQNR7SYhcyt6Jk2cNIHPYvxZFiqj+Xg=="],

    "@oxc-parser/binding-linux-s390x-gnu": ["@oxc-parser/binding-linux-s390x-gnu@0.118.0", "", { "os": "linux", "cpu": "s390x" }, "sha512-g5u0mZaJGRlJry28B7o4lcJsGKb1iAyMEToQSjNGi/t/qPrRgG0Rp6bEqFGXzYELniFeIrK0ErmopvEc3p89Mg=="],

    "@oxc-parser/binding-linux-x64-gnu": ["@oxc-parser/binding-linux-x64-gnu@0.118.0", "", { "os": "linux", "cpu": "x64" }, "sha512-iKRgKEE1qfZNsM6YiZa5sMwDTKX+DIBmHf/pLna4iC4OwPcW0bU0fMXWOkBvt2uXeORdesa3dz3PvDMU0KqNKg=="],

    "@oxc-parser/binding-linux-x64-musl": ["@oxc-parser/binding-linux-x64-musl@0.118.0", "", { "os": "linux", "cpu": "x64" }, "sha512-NpxJD33R6Uwhhhst9Diad8ojoVrObMt1PP/d+0079ukztFWiOG+Sqwmwzl6u3dm2HoenNpfPmz+pRpsuH9G3Fw=="],

    "@oxc-parser/binding-openharmony-arm64": ["@oxc-parser/binding-openharmony-arm64@0.118.0", "", { "os": "none", "cpu": "arm64" }, "sha512-AkX9iorxLg74kXzoSrrcAX2sIzrNGUhXs55QfYWIbIt6VsaH8E4uQTg7yI5qz5+OMVGrB3oxdurWTTjyWGBO3Q=="],

    "@oxc-parser/binding-wasm32-wasi": ["@oxc-parser/binding-wasm32-wasi@0.118.0", "", { "dependencies": { "@napi-rs/wasm-runtime": "^1.1.1" }, "cpu": "none" }, "sha512-32jl5sokXqztJVPPNGArEq3BCh1DYCvhINHB5aFBWq1kumGC22VplMaQOg47AB1P19R1qguTe/rFckg/MN7ymA=="],

    "@oxc-parser/binding-win32-arm64-msvc": ["@oxc-parser/binding-win32-arm64-msvc@0.118.0", "", { "os": "win32", "cpu": "arm64" }, "sha512-Csqk288t0wmwWap6uTD66S0jKbzCGF0IT+3rj6ZwKHgQIcVILMfzciVZCISSVsH8Crjz+DfRHEFhW1F6hNb09Q=="],

    "@oxc-parser/binding-win32-ia32-msvc": ["@oxc-parser/binding-win32-ia32-msvc@0.118.0", "", { "os": "win32", "cpu": "ia32" }, "sha512-qqaoLkdYfr5vBatMIfmYeE/PpV4SFO+0A4AnTJ8hTV9IhBNPpAhB46YSdfacWjVk0tRIk0OeYDUn8ohFhSYMHg=="],

    "@oxc-parser/binding-win32-x64-msvc": ["@oxc-parser/binding-win32-x64-msvc@0.118.0", "", { "os": "win32", "cpu": "x64" }, "sha512-sOL5mOLBQT7aHdltfVhRwnDAo4fR4jnxJQU4rBQaGVmsbjK0V/358teokfIwEXNEuY2o7o9PqYnq1TkNzmcirw=="],

    "@oxc-project/types": ["@oxc-project/types@0.118.0", "", {}, "sha512-yx4sGEZvH9dcS9AduoKKPWFqxJWrKtElOebwpTV9qYx387KiCoUt+iZBPmxpnnHIFc948kY5O8CJTPOmj+2y6w=="],

    "@oxlint/darwin-arm64": ["@oxlint/darwin-arm64@0.4.4", "", { "os": "darwin", "cpu": "arm64" }, "sha512-3XqHh9uz9IROFRSJTkH81BDHERglneH4YzcchWOlkckCTHh/V5/THbTY6sA7FK3a7uJVysKJu0zgRhsyXoUNUA=="],

    "@oxlint/darwin-x64": ["@oxlint/darwin-x64@0.4.4", "", { "os": "darwin", "cpu": "x64" }, "sha512-41/as9u+MRTmY0egr42j9Q7RMNoKEy1Uw/v+4K/5gJp1cnY99K7pGsqgbD6nMvaDbenbt8vwNSYoF2UzmUDcoQ=="],

    "@oxlint/linux-arm64-gnu": ["@oxlint/linux-arm64-gnu@0.4.4", "", { "os": "linux", "cpu": "arm64" }, "sha512-LTOtEliKPWJzVC6qs1M0IoND0yFchWkKS6agFSmzGmfe523geC+eATq3slFvUPdSzdLAgk6v2juol7JxaI2+vg=="],

    "@oxlint/linux-arm64-musl": ["@oxlint/linux-arm64-musl@0.4.4", "", { "os": "linux", "cpu": "arm64" }, "sha512-hTmCi57YnUUxUxOWSdLEdN7IFkcJylsAZuWcVLjMCiPtTcyTeY6wPrUFqNSGLG+Gvqj/2g0aqzKt3eJBfDSOzg=="],

    "@oxlint/linux-x64-gnu": ["@oxlint/linux-x64-gnu@0.4.4", "", { "os": "linux", "cpu": "x64" }, "sha512-nqQr/Zj86F56EvpcbZMXEsYpUS+wpEAH1jahg70ApAEeq+EoVBqMZPv4sV1vAIy/R20f00a891fz13RGkorMnw=="],

    "@oxlint/linux-x64-musl": ["@oxlint/linux-x64-musl@0.4.4", "", { "os": "linux", "cpu": "x64" }, "sha512-MdyAoQgLQf/ZzneV+cCWD++6ATKWEEp1VPa61664uCYtJIKRKiavPwT5BN+nQ197Bn7n/k6pOHmo/3n8+PCFNg=="],

    "@oxlint/win32-arm64": ["@oxlint/win32-arm64@0.4.4", "", { "os": "win32", "cpu": "arm64" }, "sha512-m1azJG8XD7Po1Las7ftYFvtSUaVju1V9ic771x6/Su+8vt1Iz2pDwG7jDK+5hHbS17w8qHCYcg/IDRFHuFsOeQ=="],

    "@oxlint/win32-x64": ["@oxlint/win32-x64@0.4.4", "", { "os": "win32", "cpu": "x64" }, "sha512-4ZyCtwNHqfOPzSPoEUHuFxcYCxRGMTB9ZmDJCVZGVbxwE462FPz6IfoinEqaiesgnuaBqN78CkLqW5kfhnxm+A=="],

    "@tybys/wasm-util": ["@tybys/wasm-util@0.10.1", "", { "dependencies": { "tslib": "^2.4.0" } }, "sha512-9tTaPJLSiejZKx+Bmog4uSubteqTvFrVrURwkmHixBo0G4seD0zUxp98E1DzUBJxLQ3NPwXrGKDiVjwx/DpPsg=="],

    "@types/bun": ["@types/bun@1.3.10", "", { "dependencies": { "bun-types": "1.3.10" } }, "sha512-0+rlrUrOrTSskibryHbvQkDOWRJwJZqZlxrUs1u4oOoTln8+WIXBPmAuCF35SWB2z4Zl3E84Nl/D0P7803nigQ=="],

    "@types/js-yaml": ["@types/js-yaml@4.0.9", "", {}, "sha512-k4MGaQl5TGo/iipqb2UDG2UwjXziSWkh0uysQelTlJpX1qGlpUZYm8PnO4DxG1qBomtJUdYJ6qR6xdIah10JLg=="],

    "@types/node": ["@types/node@25.5.0", "", { "dependencies": { "undici-types": "~7.18.0" } }, "sha512-jp2P3tQMSxWugkCUKLRPVUpGaL5MVFwF8RDuSRztfwgN1wmqJeMSbKlnEtQqU8UrhTmzEmZdu2I6v2dpp7XIxw=="],

    "argparse": ["argparse@2.0.1", "", {}, "sha512-8+9WqebbFzpX9OR+Wa6O29asIogeRMzcGtAINdpMHHyAg10f05aSFVBbcEqGf/PXw1EjAZ+q2/bEBg3DvurK3Q=="],

    "bun-types": ["bun-types@1.3.10", "", { "dependencies": { "@types/node": "*" } }, "sha512-tcpfCCl6XWo6nCVnpcVrxQ+9AYN1iqMIzgrSKYMB/fjLtV2eyAVEg7AxQJuCq/26R6HpKWykQXuSOq/21RYcbg=="],

    "commander": ["commander@12.1.0", "", {}, "sha512-Vw8qHK3bZM9y/P10u3Vib8o/DdkvA2OtPtZvD871QKjy74Wj1WSKFILMPRPSdUSx5RFK1arlJzEtA4PkFgnbuA=="],

    "fsevents": ["fsevents@2.3.2", "", { "os": "darwin" }, "sha512-xiqMQR4xAeHTuB9uWm+fFRcIOgKBMiOBP+eXiyT7jsgVCq1bkVygt00oASowB7EdtpOHaaPgKt812P9ab+DDKA=="],

    "js-yaml": ["js-yaml@4.1.1", "", { "dependencies": { "argparse": "^2.0.1" }, "bin": { "js-yaml": "bin/js-yaml.js" } }, "sha512-qQKT4zQxXl8lLwBtHMWwaTcGfFOZviOJet3Oy/xmGk2gZH677CJM9EvtfdSkgWcATZhj/55JZ0rmy3myCT5lsA=="],

    "oxc-parser": ["oxc-parser@0.118.0", "", { "dependencies": { "@oxc-project/types": "^0.118.0" }, "optionalDependencies": { "@oxc-parser/binding-android-arm-eabi": "0.118.0", "@oxc-parser/binding-android-arm64": "0.118.0", "@oxc-parser/binding-darwin-arm64": "0.118.0", "@oxc-parser/binding-darwin-x64": "0.118.0", "@oxc-parser/binding-freebsd-x64": "0.118.0", "@oxc-parser/binding-linux-arm-gnueabihf": "0.118.0", "@oxc-parser/binding-linux-arm-musleabihf": "0.118.0", "@oxc-parser/binding-linux-arm64-gnu": "0.118.0", "@oxc-parser/binding-linux-arm64-musl": "0.118.0", "@oxc-parser/binding-linux-ppc64-gnu": "0.118.0", "@oxc-parser/binding-linux-riscv64-gnu": "0.118.0", "@oxc-parser/binding-linux-riscv64-musl": "0.118.0", "@oxc-parser/binding-linux-s390x-gnu": "0.118.0", "@oxc-parser/binding-linux-x64-gnu": "0.118.0", "@oxc-parser/binding-linux-x64-musl": "0.118.0", "@oxc-parser/binding-openharmony-arm64": "0.118.0", "@oxc-parser/binding-wasm32-wasi": "0.118.0", "@oxc-parser/binding-win32-arm64-msvc": "0.118.0", "@oxc-parser/binding-win32-ia32-msvc": "0.118.0", "@oxc-parser/binding-win32-x64-msvc": "0.118.0" } }, "sha512-RWcTXXw9rsdlGxPwaL2hVKDtgudMBAUlwqPNl1WhgWQNlp/RZ/XeFHuG8HolZM2dMjLJeD4b2Ywo7/a988X4MQ=="],

    "oxlint": ["oxlint@0.4.4", "", { "optionalDependencies": { "@oxlint/darwin-arm64": "0.4.4", "@oxlint/darwin-x64": "0.4.4", "@oxlint/linux-arm64-gnu": "0.4.4", "@oxlint/linux-arm64-musl": "0.4.4", "@oxlint/linux-x64-gnu": "0.4.4", "@oxlint/linux-x64-musl": "0.4.4", "@oxlint/win32-arm64": "0.4.4", "@oxlint/win32-x64": "0.4.4" }, "bin": { "oxlint": "bin/oxlint" } }, "sha512-YF4rEASRYWCJBaCd0yDavYJ1qCA5H2l6piXlAeDnIKjqKHQ7V3Hwu5w5gIkgZne73iXFe6baqcMSlZNdNlqCeA=="],

    "playwright": ["playwright@1.58.2", "", { "dependencies": { "playwright-core": "1.58.2" }, "optionalDependencies": { "fsevents": "2.3.2" }, "bin": { "playwright": "cli.js" } }, "sha512-vA30H8Nvkq/cPBnNw4Q8TWz1EJyqgpuinBcHET0YVJVFldr8JDNiU9LaWAE1KqSkRYazuaBhTpB5ZzShOezQ6A=="],

    "playwright-core": ["playwright-core@1.58.2", "", { "bin": { "playwright-core": "cli.js" } }, "sha512-yZkEtftgwS8CsfYo7nm0KE8jsvm6i/PTgVtB8DL726wNf6H2IMsDuxCpJj59KDaxCtSnrWan2AeDqM7JBaultg=="],

    "tslib": ["tslib@2.8.1", "", {}, "sha512-oJFu94HQb+KVduSUQL7wnpmqnfmLsOA/nAh6b6EH0wCEoK0/mPeXU6c3wKDV83MkOuHPRHtSXKKU99IBazS/2w=="],

    "typescript": ["typescript@5.9.3", "", { "bin": { "tsc": "bin/tsc", "tsserver": "bin/tsserver" } }, "sha512-jl1vZzPDinLr9eUt3J/t7V6FgNEw9QjvBPdysz9KfQDD41fQrC2Y4vKQdiaUpFT4bXlb1RHhLpp8wtm6M5TgSw=="],

    "undici-types": ["undici-types@7.18.2", "", {}, "sha512-AsuCzffGHJybSaRrmr5eHr81mwJU3kjw6M+uprWvCXiNeN9SOGwQ3Jn8jb8m3Z6izVgknn1R0FTCEAP2QrLY/w=="],
  }
}
